
Microsoft Visual Studio Solution File, Format Version 12.00
# Visual Studio Version 17
VisualStudioVersion = 17.11.34909.67
MinimumVisualStudioVersion = 10.0.40219.1
Project("{FAE04EC0-301F-11D3-BF4B-00C04F79EFBC}") = "Personal_Project_1", "Personal_Project_1.csproj", "{02827095-0E3B-4943-AD36-369EBAC6A8B2}"
EndProject
Global
	GlobalSection(SolutionConfigurationPlatforms) = preSolution
		Debug|Any CPU = Debug|Any CPU
		Release|Any CPU = Release|Any CPU
	EndGlobalSection
	GlobalSection(ProjectConfigurationPlatforms) = postSolution
		{02827095-0E3B-4943-AD36-369EBAC6A8B2}.Debug|Any CPU.ActiveCfg = Debug|Any CPU
		{02827095-0E3B-4943-AD36-369EBAC6A8B2}.Debug|Any CPU.Build.0 = Debug|Any CPU
		{02827095-0E3B-4943-AD36-369EBAC6A8B2}.Release|Any CPU.ActiveCfg = Release|Any CPU
		{02827095-0E3B-4943-AD36-369EBAC6A8B2}.Release|Any CPU.Build.0 = Release|Any CPU
	EndGlobalSection
	GlobalSection(SolutionProperties) = preSolution
		HideSolutionNode = FALSE
	EndGlobalSection
	GlobalSection(ExtensibilityGlobals) = postSolution
		SolutionGuid = {1DFBFF3A-9E02-48DD-9050-F3A27C7C16EE}
	EndGlobalSection
EndGlobal
